version: 6
environments:
  default:
    channels:
    - url: https://conda.anaconda.org/conda-forge/
    - url: https://conda.modular.com/max-nightly/
    - url: https://repo.prefix.dev/mojo-community/
    - url: https://repo.prefix.dev/modular-community/
    packages:
      osx-arm64:
      - conda: https://conda.anaconda.org/conda-forge/noarch/_python_abi3_support-1.0-hd8ed1ab_2.conda
      - conda: https://conda.anaconda.org/conda-forge/osx-arm64/bzip2-1.0.8-hd037594_8.conda
      - conda: https://conda.anaconda.org/conda-forge/noarch/ca-certificates-2025.8.3-hbd8a1cb_0.conda
      - conda: https://conda.anaconda.org/conda-forge/noarch/click-8.3.0-pyh707e725_0.conda
      - conda: https://conda.anaconda.org/conda-forge/noarch/colorama-0.4.6-pyhd8ed1ab_1.conda
      - conda: https://conda.anaconda.org/conda-forge/noarch/cpython-3.12.11-py312hd8ed1ab_0.conda
      - conda: https://conda.anaconda.org/conda-forge/osx-arm64/icu-75.1-hfee45f7_0.conda
      - conda: https://conda.anaconda.org/conda-forge/noarch/importlib-metadata-8.7.0-pyhe01879c_1.conda
      - conda: https://conda.anaconda.org/conda-forge/noarch/jupyter_client-8.6.3-pyhd8ed1ab_1.conda
      - conda: https://conda.anaconda.org/conda-forge/noarch/jupyter_core-5.8.1-pyh31011fe_0.conda
      - conda: https://conda.anaconda.org/conda-forge/osx-arm64/krb5-1.21.3-h237132a_0.conda
      - conda: https://conda.anaconda.org/conda-forge/osx-arm64/libabseil-20250512.1-cxx17_hd41c47c_0.conda
      - conda: https://conda.anaconda.org/conda-forge/osx-arm64/libblas-3.9.0-36_h51639a9_openblas.conda
      - conda: https://conda.anaconda.org/conda-forge/osx-arm64/libcblas-3.9.0-36_hb0561ab_openblas.conda
      - conda: https://conda.anaconda.org/conda-forge/osx-arm64/libcxx-21.1.2-hf598326_0.conda
      - conda: https://conda.anaconda.org/conda-forge/osx-arm64/libedit-3.1.20250104-pl5321hafb1f1b_0.conda
      - conda: https://conda.anaconda.org/conda-forge/osx-arm64/libexpat-2.7.1-hec049ff_0.conda
      - conda: https://conda.anaconda.org/conda-forge/osx-arm64/libffi-3.4.6-h1da3d7d_1.conda
      - conda: https://conda.anaconda.org/conda-forge/osx-arm64/libgfortran-15.1.0-hfdf1602_1.conda
      - conda: https://conda.anaconda.org/conda-forge/osx-arm64/libgfortran5-15.1.0-hb74de2c_1.conda
      - conda: https://conda.anaconda.org/conda-forge/osx-arm64/liblapack-3.9.0-36_hd9741b5_openblas.conda
      - conda: https://conda.anaconda.org/conda-forge/osx-arm64/liblzma-5.8.1-h39f12f2_2.conda
      - conda: https://conda.anaconda.org/conda-forge/osx-arm64/libopenblas-0.3.30-openmp_h60d53f8_2.conda
      - conda: https://conda.anaconda.org/conda-forge/osx-arm64/libprotobuf-6.31.1-h702a38d_1.conda
      - conda: https://conda.anaconda.org/conda-forge/osx-arm64/libsentencepiece-0.2.1-h79950eb_0.conda
      - conda: https://conda.anaconda.org/conda-forge/osx-arm64/libsodium-1.0.20-h99b78c6_0.conda
      - conda: https://conda.anaconda.org/conda-forge/osx-arm64/libsqlite-3.50.4-h4237e3c_0.conda
      - conda: https://conda.anaconda.org/conda-forge/osx-arm64/libzlib-1.3.1-h8359307_2.conda
      - conda: https://repo.prefix.dev/mojo-community/osx-arm64/lightbug_http-0.1.16-h60d57d3_0.conda
      - conda: https://conda.anaconda.org/conda-forge/osx-arm64/llvm-openmp-21.1.2-h4a912ad_3.conda
      - conda: https://conda.modular.com/max-nightly/noarch/max-25.1.0-release.conda
      - conda: https://conda.modular.com/max-nightly/osx-arm64/max-core-25.1.0-release.conda
      - conda: https://conda.modular.com/max-nightly/osx-arm64/max-python-25.1.0-release.conda
      - conda: https://conda.modular.com/max-nightly/noarch/mblack-25.1.0-release.conda
      - conda: https://conda.modular.com/max-nightly/noarch/mojo-jupyter-25.1.0-release.conda
      - conda: https://conda.anaconda.org/conda-forge/noarch/mypy_extensions-1.1.0-pyha770c72_0.conda
      - conda: https://conda.anaconda.org/conda-forge/osx-arm64/ncurses-6.5-h5e97a16_3.conda
      - conda: https://conda.anaconda.org/conda-forge/osx-arm64/numpy-1.26.4-py312h8442bc7_0.conda
      - conda: https://conda.anaconda.org/conda-forge/osx-arm64/openssl-3.5.4-h5503f6c_0.conda
      - conda: https://conda.anaconda.org/conda-forge/noarch/packaging-25.0-pyh29332c3_1.conda
      - conda: https://conda.anaconda.org/conda-forge/noarch/pathspec-0.12.1-pyhd8ed1ab_1.conda
      - conda: https://conda.anaconda.org/conda-forge/noarch/platformdirs-4.4.0-pyhcf101f3_0.conda
      - conda: https://conda.anaconda.org/conda-forge/osx-arm64/python-3.12.11-hc22306f_0_cpython.conda
      - conda: https://conda.anaconda.org/conda-forge/noarch/python-dateutil-2.9.0.post0-pyhe01879c_2.conda
      - conda: https://conda.anaconda.org/conda-forge/noarch/python-gil-3.12.11-hd8ed1ab_0.conda
      - conda: https://conda.anaconda.org/conda-forge/noarch/python_abi-3.12-8_cp312.conda
      - conda: https://conda.anaconda.org/conda-forge/osx-arm64/pyzmq-27.1.0-py312hd65ceae_0.conda
      - conda: https://conda.anaconda.org/conda-forge/osx-arm64/readline-8.2-h1d1bf99_2.conda
      - conda: https://conda.anaconda.org/conda-forge/osx-arm64/sentencepiece-0.2.1-h22a84ea_0.conda
      - conda: https://conda.anaconda.org/conda-forge/osx-arm64/sentencepiece-python-0.2.1-py312h60346c6_0.conda
      - conda: https://conda.anaconda.org/conda-forge/osx-arm64/sentencepiece-spm-0.2.1-h79950eb_0.conda
      - conda: https://conda.anaconda.org/conda-forge/noarch/six-1.17.0-pyhe01879c_1.conda
      - conda: https://repo.prefix.dev/mojo-community/osx-arm64/small_time-25.1.0-h60d57d3_0.conda
      - conda: https://conda.anaconda.org/conda-forge/osx-arm64/tk-8.6.13-h892fb3f_2.conda
      - conda: https://conda.anaconda.org/conda-forge/osx-arm64/tornado-6.5.2-py312h163523d_1.conda
      - conda: https://conda.anaconda.org/conda-forge/noarch/tqdm-4.67.1-pyhd8ed1ab_1.conda
      - conda: https://conda.anaconda.org/conda-forge/noarch/traitlets-5.14.3-pyhd8ed1ab_1.conda
      - conda: https://conda.anaconda.org/conda-forge/noarch/typing_extensions-4.15.0-pyhcf101f3_0.conda
      - conda: https://conda.anaconda.org/conda-forge/noarch/tzdata-2025b-h78e105d_0.conda
      - conda: https://conda.anaconda.org/conda-forge/osx-arm64/zeromq-4.3.5-h888dc83_9.conda
      - conda: https://conda.anaconda.org/conda-forge/noarch/zipp-3.23.0-pyhd8ed1ab_0.conda
packages:
- conda: https://conda.anaconda.org/conda-forge/noarch/_python_abi3_support-1.0-hd8ed1ab_2.conda
  sha256: a3967b937b9abf0f2a99f3173fa4630293979bd1644709d89580e7c62a544661
  md5: aaa2a381ccc56eac91d63b6c1240312f
  depends:
  - cpython
  - python-gil
  license: MIT
  license_family: MIT
  size: 8191
  timestamp: 1744137672556
- conda: https://conda.anaconda.org/conda-forge/osx-arm64/bzip2-1.0.8-hd037594_8.conda
  sha256: b456200636bd5fecb2bec63f7e0985ad2097cf1b83d60ce0b6968dffa6d02aa1
  md5: 58fd217444c2a5701a44244faf518206
  depends:
  - __osx >=11.0
  license: bzip2-1.0.6
  license_family: BSD
  size: 125061
  timestamp: 1757437486465
- conda: https://conda.anaconda.org/conda-forge/noarch/ca-certificates-2025.8.3-hbd8a1cb_0.conda
  sha256: 837b795a2bb39b75694ba910c13c15fa4998d4bb2a622c214a6a5174b2ae53d1
  md5: 74784ee3d225fc3dca89edb635b4e5cc
  depends:
  - __unix
  license: ISC
  size: 154402
  timestamp: 1754210968730
- conda: https://conda.anaconda.org/conda-forge/noarch/click-8.3.0-pyh707e725_0.conda
  sha256: c6567ebc27c4c071a353acaf93eb82bb6d9a6961e40692a359045a89a61d02c0
  md5: e76c4ba9e1837847679421b8d549b784
  depends:
  - __unix
  - python >=3.10
  license: BSD-3-Clause
  license_family: BSD
  size: 91622
  timestamp: 1758270534287
- conda: https://conda.anaconda.org/conda-forge/noarch/colorama-0.4.6-pyhd8ed1ab_1.conda
  sha256: ab29d57dc70786c1269633ba3dff20288b81664d3ff8d21af995742e2bb03287
  md5: 962b9857ee8e7018c22f2776ffa0b2d7
  depends:
  - python >=3.9
  license: BSD-3-Clause
  license_family: BSD
  size: 27011
  timestamp: 1733218222191
- conda: https://conda.anaconda.org/conda-forge/noarch/cpython-3.12.11-py312hd8ed1ab_0.conda
  noarch: generic
  sha256: 7e7bc8e73a2f3736444a8564cbece7216464c00f0bc38e604b0c792ff60d621a
  md5: e5279009e7a7f7edd3cd2880c502b3cc
  depends:
  - python >=3.12,<3.13.0a0
  - python_abi * *_cp312
  license: Python-2.0
  size: 45852
  timestamp: 1749047748072
- conda: https://conda.anaconda.org/conda-forge/osx-arm64/icu-75.1-hfee45f7_0.conda
  sha256: 9ba12c93406f3df5ab0a43db8a4b4ef67a5871dfd401010fbe29b218b2cbe620
  md5: 5eb22c1d7b3fc4abb50d92d621583137
  depends:
  - __osx >=11.0
  license: MIT
  license_family: MIT
  size: 11857802
  timestamp: 1720853997952
- conda: https://conda.anaconda.org/conda-forge/noarch/importlib-metadata-8.7.0-pyhe01879c_1.conda
  sha256: c18ab120a0613ada4391b15981d86ff777b5690ca461ea7e9e49531e8f374745
  md5: 63ccfdc3a3ce25b027b8767eb722fca8
  depends:
  - python >=3.9
  - zipp >=3.20
  - python
  license: Apache-2.0
  license_family: APACHE
  size: 34641
  timestamp: 1747934053147
- conda: https://conda.anaconda.org/conda-forge/noarch/jupyter_client-8.6.3-pyhd8ed1ab_1.conda
  sha256: 19d8bd5bb2fde910ec59e081eeb59529491995ce0d653a5209366611023a0b3a
  md5: 4ebae00eae9705b0c3d6d1018a81d047
  depends:
  - importlib-metadata >=4.8.3
  - jupyter_core >=4.12,!=5.0.*
  - python >=3.9
  - python-dateutil >=2.8.2
  - pyzmq >=23.0
  - tornado >=6.2
  - traitlets >=5.3
  license: BSD-3-Clause
  license_family: BSD
  size: 106342
  timestamp: 1733441040958
- conda: https://conda.anaconda.org/conda-forge/noarch/jupyter_core-5.8.1-pyh31011fe_0.conda
  sha256: 56a7a7e907f15cca8c4f9b0c99488276d4cb10821d2d15df9245662184872e81
  md5: b7d89d860ebcda28a5303526cdee68ab
  depends:
  - __unix
  - platformdirs >=2.5
  - python >=3.8
  - traitlets >=5.3
  license: BSD-3-Clause
  license_family: BSD
  size: 59562
  timestamp: 1748333186063
- conda: https://conda.anaconda.org/conda-forge/osx-arm64/krb5-1.21.3-h237132a_0.conda
  sha256: 4442f957c3c77d69d9da3521268cad5d54c9033f1a73f99cde0a3658937b159b
  md5: c6dc8a0fdec13a0565936655c33069a1
  depends:
  - __osx >=11.0
  - libcxx >=16
  - libedit >=3.1.20191231,<3.2.0a0
  - libedit >=3.1.20191231,<4.0a0
  - openssl >=3.3.1,<4.0a0
  license: MIT
  license_family: MIT
  size: 1155530
  timestamp: 1719463474401
- conda: https://conda.anaconda.org/conda-forge/osx-arm64/libabseil-20250512.1-cxx17_hd41c47c_0.conda
  sha256: 7f0ee9ae7fa2cf7ac92b0acf8047c8bac965389e48be61bf1d463e057af2ea6a
  md5: 360dbb413ee2c170a0a684a33c4fc6b8
  depends:
  - __osx >=11.0
  - libcxx >=18
  constrains:
  - libabseil-static =20250512.1=cxx17*
  - abseil-cpp =20250512.1
  license: Apache-2.0
  license_family: Apache
  size: 1174081
  timestamp: 1750194620012
- conda: https://conda.anaconda.org/conda-forge/osx-arm64/libblas-3.9.0-36_h51639a9_openblas.conda
  build_number: 36
  sha256: acedf4c86be500172ed84a1bf37425e5c538f0494341ebdc829001cd37707564
  md5: 3bf1e49358861ce86825eaa47c092f29
  depends:
  - libopenblas >=0.3.30,<0.3.31.0a0
  - libopenblas >=0.3.30,<1.0a0
  constrains:
  - liblapacke 3.9.0   36*_openblas
  - libcblas   3.9.0   36*_openblas
  - liblapack  3.9.0   36*_openblas
  - mkl <2025
  - blas 2.136   openblas
  license: BSD-3-Clause
  license_family: BSD
  size: 17733
  timestamp: 1758397710974
- conda: https://conda.anaconda.org/conda-forge/osx-arm64/libcblas-3.9.0-36_hb0561ab_openblas.conda
  build_number: 36
  sha256: ee8b3386c9fe8668eb9013ffea5c60f7546d0d298931f7ec0637b08d796029de
  md5: 46aefc2fcef5f1f128d0549cb0fad584
  depends:
  - libblas 3.9.0 36_h51639a9_openblas
  constrains:
  - liblapack  3.9.0   36*_openblas
  - liblapacke 3.9.0   36*_openblas
  - blas 2.136   openblas
  license: BSD-3-Clause
  license_family: BSD
  size: 17717
  timestamp: 1758397731650
- conda: https://conda.anaconda.org/conda-forge/osx-arm64/libcxx-21.1.2-hf598326_0.conda
  sha256: 3de00998c8271f599d6ed9aea60dc0b3e5b1b7ff9f26f8eac95f86f135aa9beb
  md5: edfa256c5391f789384e470ce5c9f340
  depends:
  - __osx >=11.0
  license: Apache-2.0 WITH LLVM-exception
  license_family: Apache
  size: 568154
  timestamp: 1758698306949
- conda: https://conda.anaconda.org/conda-forge/osx-arm64/libedit-3.1.20250104-pl5321hafb1f1b_0.conda
  sha256: 66aa216a403de0bb0c1340a88d1a06adaff66bae2cfd196731aa24db9859d631
  md5: 44083d2d2c2025afca315c7a172eab2b
  depends:
  - ncurses
  - __osx >=11.0
  - ncurses >=6.5,<7.0a0
  license: BSD-2-Clause
  license_family: BSD
  size: 107691
  timestamp: 1738479560845
- conda: https://conda.anaconda.org/conda-forge/osx-arm64/libexpat-2.7.1-hec049ff_0.conda
  sha256: 8fbb17a56f51e7113ed511c5787e0dec0d4b10ef9df921c4fd1cccca0458f648
  md5: b1ca5f21335782f71a8bd69bdc093f67
  depends:
  - __osx >=11.0
  constrains:
  - expat 2.7.1.*
  license: MIT
  license_family: MIT
  size: 65971
  timestamp: 1752719657566
- conda: https://conda.anaconda.org/conda-forge/osx-arm64/libffi-3.4.6-h1da3d7d_1.conda
  sha256: c6a530924a9b14e193ea9adfe92843de2a806d1b7dbfd341546ece9653129e60
  md5: c215a60c2935b517dcda8cad4705734d
  depends:
  - __osx >=11.0
  license: MIT
  license_family: MIT
  size: 39839
  timestamp: 1743434670405
- conda: https://conda.anaconda.org/conda-forge/osx-arm64/libgfortran-15.1.0-hfdf1602_1.conda
  sha256: 981e3fac416e80b007a2798d6c1d4357ebebeb72a039aca1fb3a7effe9dcae86
  md5: c98207b6e2b1a309abab696d229f163e
  depends:
  - libgfortran5 15.1.0 hb74de2c_1
  license: GPL-3.0-only WITH GCC-exception-3.1
  license_family: GPL
  size: 134383
  timestamp: 1756239485494
- conda: https://conda.anaconda.org/conda-forge/osx-arm64/libgfortran5-15.1.0-hb74de2c_1.conda
  sha256: 1f8f5b2fdd0d2559d0f3bade8da8f57e9ee9b54685bd6081c6d6d9a2b0239b41
  md5: 4281bd1c654cb4f5cab6392b3330451f
  depends:
  - llvm-openmp >=8.0.0
  constrains:
  - libgfortran 15.1.0
  license: GPL-3.0-only WITH GCC-exception-3.1
  license_family: GPL
  size: 759679
  timestamp: 1756238772083
- conda: https://conda.anaconda.org/conda-forge/osx-arm64/liblapack-3.9.0-36_hd9741b5_openblas.conda
  build_number: 36
  sha256: ffadfc04f5fb9075715fc4db0b6f2e88c23931eb06a193531ee3ba936dedc433
  md5: e0b918b8232902da02c2c5b4eb81f4d5
  depends:
  - libblas 3.9.0 36_h51639a9_openblas
  constrains:
  - libcblas   3.9.0   36*_openblas
  - liblapacke 3.9.0   36*_openblas
  - blas 2.136   openblas
  license: BSD-3-Clause
  license_family: BSD
  size: 17728
  timestamp: 1758397741587
- conda: https://conda.anaconda.org/conda-forge/osx-arm64/liblzma-5.8.1-h39f12f2_2.conda
  sha256: 0cb92a9e026e7bd4842f410a5c5c665c89b2eb97794ffddba519a626b8ce7285
  md5: d6df911d4564d77c4374b02552cb17d1
  depends:
  - __osx >=11.0
  constrains:
  - xz 5.8.1.*
  license: 0BSD
  size: 92286
  timestamp: 1749230283517
- conda: https://conda.anaconda.org/conda-forge/osx-arm64/libopenblas-0.3.30-openmp_h60d53f8_2.conda
  sha256: 7b8551a4d21cf0b19f9a162f1f283a201b17f1bd5a6579abbd0d004788c511fa
  md5: d004259fd8d3d2798b16299d6ad6c9e9
  depends:
  - __osx >=11.0
  - libgfortran
  - libgfortran5 >=14.3.0
  - llvm-openmp >=19.1.7
  constrains:
  - openblas >=0.3.30,<0.3.31.0a0
  license: BSD-3-Clause
  license_family: BSD
  size: 4284696
  timestamp: 1755471861128
- conda: https://conda.anaconda.org/conda-forge/osx-arm64/libprotobuf-6.31.1-h702a38d_1.conda
  sha256: 4f1cb41130b7772071a1b10654a825168515fd83d229c1752b90a3fd9d9f0c6b
  md5: 16c4f075e63a1f497aa392f843d81f96
  depends:
  - __osx >=11.0
  - libabseil * cxx17*
  - libabseil >=20250512.1,<20250513.0a0
  - libcxx >=18
  - libzlib >=1.3.1,<2.0a0
  license: BSD-3-Clause
  license_family: BSD
  size: 3044706
  timestamp: 1751689138445
- conda: https://conda.anaconda.org/conda-forge/osx-arm64/libsentencepiece-0.2.1-h79950eb_0.conda
  sha256: de736ed84519904aa06c9964d1facbed2c3f542d6c10e7c52ff07ea862afb59b
  md5: 31a8407af3b6c0190963251016f12923
  depends:
  - __osx >=11.0
  - libabseil * cxx17*
  - libabseil >=20250512.1,<20250513.0a0
  - libcxx >=19
  - libprotobuf >=6.31.1,<6.31.2.0a0
  license: Apache-2.0
  license_family: Apache
  size: 765046
  timestamp: 1758537516825
- conda: https://conda.anaconda.org/conda-forge/osx-arm64/libsodium-1.0.20-h99b78c6_0.conda
  sha256: fade8223e1e1004367d7101dd17261003b60aa576df6d7802191f8972f7470b1
  md5: a7ce36e284c5faaf93c220dfc39e3abd
  depends:
  - __osx >=11.0
  license: ISC
  size: 164972
  timestamp: 1716828607917
- conda: https://conda.anaconda.org/conda-forge/osx-arm64/libsqlite-3.50.4-h4237e3c_0.conda
  sha256: 802ebe62e6bc59fc26b26276b793e0542cfff2d03c086440aeaf72fb8bbcec44
  md5: 1dcb0468f5146e38fae99aef9656034b
  depends:
  - __osx >=11.0
  - icu >=75.1,<76.0a0
  - libzlib >=1.3.1,<2.0a0
  license: blessing
  size: 902645
  timestamp: 1753948599139
- conda: https://conda.anaconda.org/conda-forge/osx-arm64/libzlib-1.3.1-h8359307_2.conda
  sha256: ce34669eadaba351cd54910743e6a2261b67009624dbc7daeeafdef93616711b
  md5: 369964e85dc26bfe78f41399b366c435
  depends:
  - __osx >=11.0
  constrains:
  - zlib 1.3.1 *_2
  license: Zlib
  license_family: Other
  size: 46438
  timestamp: 1727963202283
- conda: https://repo.prefix.dev/mojo-community/osx-arm64/lightbug_http-0.1.16-h60d57d3_0.conda
  sha256: e0e3639e268fc949ab83c6bf593c35d5081cc7a91d0d8feacfbbcf6b71dbc02c
  depends:
  - max >=25.1.0
  - small_time ==25.1.0
  license: MIT
  size: 1339776
  timestamp: 1741514265533
- conda: https://conda.anaconda.org/conda-forge/osx-arm64/llvm-openmp-21.1.2-h4a912ad_3.conda
  sha256: a30d442e9fc9d80cc8925324c8e10f33213c090deca4f45fadfc1ffc79a73a74
  md5: b46e55b406cc7c8a8fbc9681268c2260
  depends:
  - __osx >=11.0
  constrains:
  - intel-openmp <0.0a0
  - openmp 21.1.2|21.1.2.*
  license: Apache-2.0 WITH LLVM-exception
  size: 285932
  timestamp: 1759429144574
- conda: https://conda.modular.com/max-nightly/noarch/max-25.1.0-release.conda
  noarch: python
  sha256: cf5962f64c5618b82af18ffeb86e3f9b8d18a08b6e63ad971dfe4e6d4dfdaa3f
  depends:
  - max-core ==25.1.0 release
  - max-python ==25.1.0 release
  - mojo-jupyter ==25.1.0 release
  - mblack ==25.1.0 release
  license: LicenseRef-Modular-Proprietary
  size: 9838
  timestamp: 1739326462363
- conda: https://conda.modular.com/max-nightly/osx-arm64/max-core-25.1.0-release.conda
  sha256: e50591da70d68c98245e24d9c77d98e2212770672929005a718cc6d149a442a1
  depends:
  - mblack ==25.1.0 release
  license: LicenseRef-Modular-Proprietary
  size: 209651048
  timestamp: 1739328495152
- conda: https://conda.modular.com/max-nightly/osx-arm64/max-python-25.1.0-release.conda
  noarch: python
  sha256: fa3f0eb80bbc6c1add309f69d5a186d7c9a799b8372ffc5692edb448c9d27cfc
  depends:
  - max-core ==25.1.0 release
  - click >=8.0.0
  - numpy >=1.18,<2.0
  - sentencepiece >=0.2.0
  - tqdm >=4.67.1
  constrains:
  - aiohttp >=3.11.12
  - fastapi >=0.114.2
  - gguf >=0.14.0
  - hf-transfer >=0.1.9
  - httpx >=0.28.1
  - huggingface_hub >=0.24.0
  - nvitop >=1.4.1
  - opentelemetry-api >=1.29.0
  - opentelemetry-exporter-otlp-proto-http >=1.27.0
  - opentelemetry-exporter-prometheus >=0.48b0
  - opentelemetry-sdk >=1.29.0,<2.0
  - pillow >=10.3.0
  - prometheus_client >=0.21.0
  - prometheus-async >=22.2.0
  - psutil >=6.1.1
  - pydantic
  - pydantic-settings >=2.7.1
  - pyinstrument >=5.0.1
  - python-json-logger >=2.0.7
  - requests >=2.32.3
  - rich >=13.9.4
  - safetensors >=0.5.2
  - scipy >=1.15.1
  - sentinel >=0.3.0
  - sse-starlette >=2.1.2
  - tokenizers >=0.19.0
  - pytorch >=2.2.2,<=2.5.1
  - transformers >=4.40.1
  - uvicorn >=0.34.0
  - uvloop >=0.21.0
  - xgrammar >=0.1.11
  license: LicenseRef-Modular-Proprietary
  size: 108448770
  timestamp: 1739328495153
- conda: https://conda.modular.com/max-nightly/noarch/mblack-25.1.0-release.conda
  noarch: python
  sha256: 61e181d67f6bb98aca33ad8905b429fe3003ef1aa7ba6066df5ab96577e42adc
  depends:
  - python >=3.9,<3.13
  - click >=8.0.0
  - mypy_extensions >=0.4.3
  - packaging >=22.0
  - pathspec >=0.9.0
  - platformdirs >=2
  - typing_extensions >=v4.12.2
  - python
  license: MIT
  size: 130778
  timestamp: 1739326462362
- conda: https://conda.modular.com/max-nightly/noarch/mojo-jupyter-25.1.0-release.conda
  noarch: python
  sha256: e23cd85d92a68ede9c2c1112e7fc0850d9e4c839bce1bb2f9a0a5a2e319a723d
  depends:
  - max-core ==25.1.0 release
  - python >=3.9,<3.13
  - jupyter_client >=8.6.2,<8.7
  - python
  license: LicenseRef-Modular-Proprietary
  size: 22909
  timestamp: 1739326462363
- conda: https://conda.anaconda.org/conda-forge/noarch/mypy_extensions-1.1.0-pyha770c72_0.conda
  sha256: 6ed158e4e5dd8f6a10ad9e525631e35cee8557718f83de7a4e3966b1f772c4b1
  md5: e9c622e0d00fa24a6292279af3ab6d06
  depends:
  - python >=3.9
  license: MIT
  license_family: MIT
  size: 11766
  timestamp: 1745776666688
- conda: https://conda.anaconda.org/conda-forge/osx-arm64/ncurses-6.5-h5e97a16_3.conda
  sha256: 2827ada40e8d9ca69a153a45f7fd14f32b2ead7045d3bbb5d10964898fe65733
  md5: 068d497125e4bf8a66bf707254fff5ae
  depends:
  - __osx >=11.0
  license: X11 AND BSD-3-Clause
  size: 797030
  timestamp: 1738196177597
- conda: https://conda.anaconda.org/conda-forge/osx-arm64/numpy-1.26.4-py312h8442bc7_0.conda
  sha256: c8841d6d6f61fd70ca80682efbab6bdb8606dc77c68d8acabfbd7c222054f518
  md5: d83fc83d589e2625a3451c9a7e21047c
  depends:
  - libblas >=3.9.0,<4.0a0
  - libcblas >=3.9.0,<4.0a0
  - libcxx >=16
  - liblapack >=3.9.0,<4.0a0
  - python >=3.12,<3.13.0a0
  - python >=3.12,<3.13.0a0 *_cpython
  - python_abi 3.12.* *_cp312
  constrains:
  - numpy-base <0a0
  license: BSD-3-Clause
  license_family: BSD
  size: 6073136
  timestamp: 1707226249608
- conda: https://conda.anaconda.org/conda-forge/osx-arm64/openssl-3.5.4-h5503f6c_0.conda
  sha256: f0512629f9589392c2fb9733d11e753d0eab8fc7602f96e4d7f3bd95c783eb07
  md5: 71118318f37f717eefe55841adb172fd
  depends:
  - __osx >=11.0
  - ca-certificates
  license: Apache-2.0
  license_family: Apache
  size: 3067808
  timestamp: 1759324763146
- conda: https://conda.anaconda.org/conda-forge/noarch/packaging-25.0-pyh29332c3_1.conda
  sha256: 289861ed0c13a15d7bbb408796af4de72c2fe67e2bcb0de98f4c3fce259d7991
  md5: 58335b26c38bf4a20f399384c33cbcf9
  depends:
  - python >=3.8
  - python
  license: Apache-2.0
  license_family: APACHE
  size: 62477
  timestamp: 1745345660407
- conda: https://conda.anaconda.org/conda-forge/noarch/pathspec-0.12.1-pyhd8ed1ab_1.conda
  sha256: 9f64009cdf5b8e529995f18e03665b03f5d07c0b17445b8badef45bde76249ee
  md5: 617f15191456cc6a13db418a275435e5
  depends:
  - python >=3.9
  license: MPL-2.0
  license_family: MOZILLA
  size: 41075
  timestamp: 1733233471940
- conda: https://conda.anaconda.org/conda-forge/noarch/platformdirs-4.4.0-pyhcf101f3_0.conda
  sha256: dfe0fa6e351d2b0cef95ac1a1533d4f960d3992f9e0f82aeb5ec3623a699896b
  md5: cc9d9a3929503785403dbfad9f707145
  depends:
  - python >=3.10
  - python
  license: MIT
  license_family: MIT
  size: 23653
  timestamp: 1756227402815
- conda: https://conda.anaconda.org/conda-forge/osx-arm64/python-3.12.11-hc22306f_0_cpython.conda
  sha256: cde8b944c2dc378a5afbc48028d0843583fd215493d5885a80f1b41de085552f
  md5: 9207ebad7cfbe2a4af0702c92fd031c4
  depends:
  - __osx >=11.0
  - bzip2 >=1.0.8,<2.0a0
  - libexpat >=2.7.0,<3.0a0
  - libffi >=3.4.6,<3.5.0a0
  - liblzma >=5.8.1,<6.0a0
  - libsqlite >=3.50.0,<4.0a0
  - libzlib >=1.3.1,<2.0a0
  - ncurses >=6.5,<7.0a0
  - openssl >=3.5.0,<4.0a0
  - readline >=8.2,<9.0a0
  - tk >=8.6.13,<8.7.0a0
  - tzdata
  constrains:
  - python_abi 3.12.* *_cp312
  license: Python-2.0
  size: 13009234
  timestamp: 1749048134449
- conda: https://conda.anaconda.org/conda-forge/noarch/python-dateutil-2.9.0.post0-pyhe01879c_2.conda
  sha256: d6a17ece93bbd5139e02d2bd7dbfa80bee1a4261dced63f65f679121686bf664
  md5: 5b8d21249ff20967101ffa321cab24e8
  depends:
  - python >=3.9
  - six >=1.5
  - python
  license: Apache-2.0
  license_family: APACHE
  size: 233310
  timestamp: 1751104122689
- conda: https://conda.anaconda.org/conda-forge/noarch/python-gil-3.12.11-hd8ed1ab_0.conda
  sha256: b8afeaefe409d61fa4b68513b25a66bb17f3ca430d67cfea51083c7bfbe098ef
  md5: 859c6bec94cd74119f12b961aba965a8
  depends:
  - cpython 3.12.11.*
  - python_abi * *_cp312
  license: Python-2.0
  size: 45836
  timestamp: 1749047798827
- conda: https://conda.anaconda.org/conda-forge/noarch/python_abi-3.12-8_cp312.conda
  build_number: 8
  sha256: 80677180dd3c22deb7426ca89d6203f1c7f1f256f2d5a94dc210f6e758229809
  md5: c3efd25ac4d74b1584d2f7a57195ddf1
  constrains:
  - python 3.12.* *_cpython
  license: BSD-3-Clause
  license_family: BSD
  size: 6958
  timestamp: 1752805918820
- conda: https://conda.anaconda.org/conda-forge/osx-arm64/pyzmq-27.1.0-py312hd65ceae_0.conda
  noarch: python
  sha256: ef33812c71eccf62ea171906c3e7fc1c8921f31e9cc1fbc3f079f3f074702061
  md5: bbd22b0f0454a5972f68a5f200643050
  depends:
  - python
  - __osx >=11.0
  - libcxx >=19
  - _python_abi3_support 1.*
  - cpython >=3.12
  - zeromq >=4.3.5,<4.4.0a0
  license: BSD-3-Clause
  license_family: BSD
  size: 191115
  timestamp: 1757387128258
- conda: https://conda.anaconda.org/conda-forge/osx-arm64/readline-8.2-h1d1bf99_2.conda
  sha256: 7db04684d3904f6151eff8673270922d31da1eea7fa73254d01c437f49702e34
  md5: 63ef3f6e6d6d5c589e64f11263dc5676
  depends:
  - ncurses >=6.5,<7.0a0
  license: GPL-3.0-only
  license_family: GPL
  size: 252359
  timestamp: 1740379663071
- conda: https://conda.anaconda.org/conda-forge/osx-arm64/sentencepiece-0.2.1-h22a84ea_0.conda
  sha256: fea0d61a50f96ad9aa136aa91fd9dc61c599c78d08c42dbd9b382556106dd3ff
  md5: 9968f0637981e44acb0af6d63d36b2fd
  depends:
  - libsentencepiece 0.2.1 h79950eb_0
  - python_abi 3.12.* *_cp312
  - sentencepiece-python 0.2.1 py312h60346c6_0
  - sentencepiece-spm 0.2.1 h79950eb_0
  license: Apache-2.0
  license_family: Apache
  size: 19666
  timestamp: 1758538290321
- conda: https://conda.anaconda.org/conda-forge/osx-arm64/sentencepiece-python-0.2.1-py312h60346c6_0.conda
  sha256: 23dabd64e04415e22d1f4b871c29f2fb7e62fba4126c2c1dbb0a71a68973cdc3
  md5: 715f14902118cb94ecc6892d7116da14
  depends:
  - __osx >=11.0
  - libcxx >=19
  - libprotobuf >=6.31.1,<6.31.2.0a0
  - libsentencepiece 0.2.1 h79950eb_0
  - python >=3.12,<3.13.0a0
  - python >=3.12,<3.13.0a0 *_cpython
  - python_abi 3.12.* *_cp312
  license: Apache-2.0
  license_family: Apache
  size: 3317354
  timestamp: 1758537936927
- conda: https://conda.anaconda.org/conda-forge/osx-arm64/sentencepiece-spm-0.2.1-h79950eb_0.conda
  sha256: 4a319e67c6b5c467cda2fa705914af568a43a3b60552ef602d1115bae7842ae6
  md5: 51bab3f249155343f3bb41e5be06d8ec
  depends:
  - __osx >=11.0
  - libabseil * cxx17*
  - libabseil >=20250512.1,<20250513.0a0
  - libcxx >=19
  - libprotobuf >=6.31.1,<6.31.2.0a0
  - libsentencepiece 0.2.1 h79950eb_0
  license: Apache-2.0
  license_family: Apache
  size: 84593
  timestamp: 1758538108738
- conda: https://conda.anaconda.org/conda-forge/noarch/six-1.17.0-pyhe01879c_1.conda
  sha256: 458227f759d5e3fcec5d9b7acce54e10c9e1f4f4b7ec978f3bfd54ce4ee9853d
  md5: 3339e3b65d58accf4ca4fb8748ab16b3
  depends:
  - python >=3.9
  - python
  license: MIT
  license_family: MIT
  size: 18455
  timestamp: 1753199211006
- conda: https://repo.prefix.dev/mojo-community/osx-arm64/small_time-25.1.0-h60d57d3_0.conda
  sha256: 289d19c60d585137c18a54f4619b19c7ef0e9ba4096f67c1bac34fa7e0e79381
  depends:
  - max >=25.1.0,<25.2.0
  license: MIT
  size: 629332
  timestamp: 1740681903090
- conda: https://conda.anaconda.org/conda-forge/osx-arm64/tk-8.6.13-h892fb3f_2.conda
  sha256: cb86c522576fa95c6db4c878849af0bccfd3264daf0cc40dd18e7f4a7bfced0e
  md5: 7362396c170252e7b7b0c8fb37fe9c78
  depends:
  - __osx >=11.0
  - libzlib >=1.3.1,<2.0a0
  license: TCL
  license_family: BSD
  size: 3125538
  timestamp: 1748388189063
- conda: https://conda.anaconda.org/conda-forge/osx-arm64/tornado-6.5.2-py312h163523d_1.conda
  sha256: 00e9adcab3564cc579af09c6089c60e5abf5b1fbdca5e4f0fa7299d90f35dc13
  md5: e5f3e0a27abcae26a90645dfff8d68a4
  depends:
  - __osx >=11.0
  - python >=3.12,<3.13.0a0
  - python >=3.12,<3.13.0a0 *_cpython
  - python_abi 3.12.* *_cp312
  license: Apache-2.0
  license_family: Apache
  size: 850838
  timestamp: 1756855106235
- conda: https://conda.anaconda.org/conda-forge/noarch/tqdm-4.67.1-pyhd8ed1ab_1.conda
  sha256: 11e2c85468ae9902d24a27137b6b39b4a78099806e551d390e394a8c34b48e40
  md5: 9efbfdc37242619130ea42b1cc4ed861
  depends:
  - colorama
  - python >=3.9
  license: MPL-2.0 or MIT
  size: 89498
  timestamp: 1735661472632
- conda: https://conda.anaconda.org/conda-forge/noarch/traitlets-5.14.3-pyhd8ed1ab_1.conda
  sha256: f39a5620c6e8e9e98357507262a7869de2ae8cc07da8b7f84e517c9fd6c2b959
  md5: 019a7385be9af33791c989871317e1ed
  depends:
  - python >=3.9
  license: BSD-3-Clause
  license_family: BSD
  size: 110051
  timestamp: 1733367480074
- conda: https://conda.anaconda.org/conda-forge/noarch/typing_extensions-4.15.0-pyhcf101f3_0.conda
  sha256: 032271135bca55aeb156cee361c81350c6f3fb203f57d024d7e5a1fc9ef18731
  md5: 0caa1af407ecff61170c9437a808404d
  depends:
  - python >=3.10
  - python
  license: PSF-2.0
  license_family: PSF
  size: 51692
  timestamp: 1756220668932
- conda: https://conda.anaconda.org/conda-forge/noarch/tzdata-2025b-h78e105d_0.conda
  sha256: 5aaa366385d716557e365f0a4e9c3fca43ba196872abbbe3d56bb610d131e192
  md5: 4222072737ccff51314b5ece9c7d6f5a
  license: LicenseRef-Public-Domain
  size: 122968
  timestamp: 1742727099393
- conda: https://conda.anaconda.org/conda-forge/osx-arm64/zeromq-4.3.5-h888dc83_9.conda
  sha256: b6f9c130646e5971f6cad708e1eee278f5c7eea3ca97ec2fdd36e7abb764a7b8
  md5: 26f39dfe38a2a65437c29d69906a0f68
  depends:
  - __osx >=11.0
  - libcxx >=19
  - libsodium >=1.0.20,<1.0.21.0a0
  - krb5 >=1.21.3,<1.22.0a0
  license: MPL-2.0
  license_family: MOZILLA
  size: 244772
  timestamp: 1757371008525
- conda: https://conda.anaconda.org/conda-forge/noarch/zipp-3.23.0-pyhd8ed1ab_0.conda
  sha256: 7560d21e1b021fd40b65bfb72f67945a3fcb83d78ad7ccf37b8b3165ec3b68ad
  md5: df5e78d904988eb55042c0c97446079f
  depends:
  - python >=3.9
  license: MIT
  license_family: MIT
  size: 22963
  timestamp: 1749421737203
